
Microsoft Visual Studio Solution File, Format Version 12.00
# Visual Studio Version 16
VisualStudioVersion = 16.0.30413.136
MinimumVisualStudioVersion = 10.0.40219.1
Project("{9A19103F-16F7-4668-BE54-9A1E7A4F7556}") = "Alert-to-Care", "Alert-to-Care\Alert-to-Care.csproj", "{61CE868D-D2D1-4837-860A-51A5CBCE5DAF}"
EndProject
Project("{9A19103F-16F7-4668-BE54-9A1E7A4F7556}") = "Models", "Models\Models.csproj", "{6BAFD77A-B669-409F-B239-19B9737C350C}"
EndProject
Global
	GlobalSection(SolutionConfigurationPlatforms) = preSolution
		Debug|Any CPU = Debug|Any CPU
		Release|Any CPU = Release|Any CPU
	EndGlobalSection
	GlobalSection(ProjectConfigurationPlatforms) = postSolution
		{61CE868D-D2D1-4837-860A-51A5CBCE5DAF}.Debug|Any CPU.ActiveCfg = Debug|Any CPU
		{61CE868D-D2D1-4837-860A-51A5CBCE5DAF}.Debug|Any CPU.Build.0 = Debug|Any CPU
		{61CE868D-D2D1-4837-860A-51A5CBCE5DAF}.Release|Any CPU.ActiveCfg = Release|Any CPU
		{61CE868D-D2D1-4837-860A-51A5CBCE5DAF}.Release|Any CPU.Build.0 = Release|Any CPU
		{6BAFD77A-B669-409F-B239-19B9737C350C}.Debug|Any CPU.ActiveCfg = Debug|Any CPU
		{6BAFD77A-B669-409F-B239-19B9737C350C}.Debug|Any CPU.Build.0 = Debug|Any CPU
		{6BAFD77A-B669-409F-B239-19B9737C350C}.Release|Any CPU.ActiveCfg = Release|Any CPU
		{6BAFD77A-B669-409F-B239-19B9737C350C}.Release|Any CPU.Build.0 = Release|Any CPU
	EndGlobalSection
	GlobalSection(SolutionProperties) = preSolution
		HideSolutionNode = FALSE
	EndGlobalSection
	GlobalSection(ExtensibilityGlobals) = postSolution
		SolutionGuid = {65939998-BE15-4219-B51D-E808ABA5786D}
	EndGlobalSection
EndGlobal
